
Microsoft Visual Studio Solution File, Format Version 12.00
# Visual Studio Version 16
VisualStudioVersion = 16.0.30011.22
MinimumVisualStudioVersion = 10.0.40219.1
Project("{9A19103F-16F7-4668-BE54-9A1E7A4F7556}") = "PetHealth.API.GRPC", "PetHealth.API.GRPC.csproj", "{E8308248-0576-47D0-AB80-465B6A150917}"
EndProject
Project("{9A19103F-16F7-4668-BE54-9A1E7A4F7556}") = "gRPCWorkerService", "..\gRPCWorkerService\gRPCWorkerService.csproj", "{968DC82B-5633-47DD-BF9D-2D5A7CEF2E3D}"
EndProject
Global
	GlobalSection(SolutionConfigurationPlatforms) = preSolution
		Debug|Any CPU = Debug|Any CPU
		Release|Any CPU = Release|Any CPU
	EndGlobalSection
	GlobalSection(ProjectConfigurationPlatforms) = postSolution
		{E8308248-0576-47D0-AB80-465B6A150917}.Debug|Any CPU.ActiveCfg = Debug|Any CPU
		{E8308248-0576-47D0-AB80-465B6A150917}.Debug|Any CPU.Build.0 = Debug|Any CPU
		{E8308248-0576-47D0-AB80-465B6A150917}.Release|Any CPU.ActiveCfg = Release|Any CPU
		{E8308248-0576-47D0-AB80-465B6A150917}.Release|Any CPU.Build.0 = Release|Any CPU
		{968DC82B-5633-47DD-BF9D-2D5A7CEF2E3D}.Debug|Any CPU.ActiveCfg = Debug|Any CPU
		{968DC82B-5633-47DD-BF9D-2D5A7CEF2E3D}.Debug|Any CPU.Build.0 = Debug|Any CPU
		{968DC82B-5633-47DD-BF9D-2D5A7CEF2E3D}.Release|Any CPU.ActiveCfg = Release|Any CPU
		{968DC82B-5633-47DD-BF9D-2D5A7CEF2E3D}.Release|Any CPU.Build.0 = Release|Any CPU
	EndGlobalSection
	GlobalSection(SolutionProperties) = preSolution
		HideSolutionNode = FALSE
	EndGlobalSection
	GlobalSection(ExtensibilityGlobals) = postSolution
		SolutionGuid = {13796B63-E98A-4011-B5AC-9D8285C18A65}
	EndGlobalSection
	GlobalSection(TeamFoundationVersionControl) = preSolution
		SccNumberOfProjects = 2
		SccEnterpriseProvider = {4CA58AB2-18FA-4F8D-95D4-32DDF27D184C}
		SccTeamFoundationServer = http://tfs2012:8080/tfs/pethealthcollection
		SccProjectUniqueName0 = PetHealth.API.GRPC.csproj
		SccProjectName0 = .
		SccAuxPath0 = http://tfs2012:8080/tfs/pethealthcollection
		SccLocalPath0 = .
		SccProvider0 = {4CA58AB2-18FA-4F8D-95D4-32DDF27D184C}
		SccProjectUniqueName1 = ..\\gRPCWorkerService\\gRPCWorkerService.csproj
		SccProjectName1 = ../gRPCWorkerService
		SccAuxPath1 = http://tfs2012:8080/tfs/pethealthcollection
		SccLocalPath1 = ..\\gRPCWorkerService
		SccProvider1 = {4CA58AB2-18FA-4F8D-95D4-32DDF27D184C}
	EndGlobalSection
EndGlobal
